
Microsoft Visual Studio Solution File, Format Version 12.00
# Visual Studio 2012
Project("{FAE04EC0-301F-11D3-BF4B-00C04F79EFBC}") = "PianoTouch", "PianoTouch\PianoTouch.csproj", "{DEE50872-D787-46DE-B7C4-A593D9A165ED}"
EndProject
Global
	GlobalSection(SolutionConfigurationPlatforms) = preSolution
		Debug|iPhoneSimulator = Debug|iPhoneSimulator
		Release|iPhone = Release|iPhone
		Release|iPhoneSimulator = Release|iPhoneSimulator
		Debug|iPhone = Debug|iPhone
		Debug|Any CPU = Debug|Any CPU
		Release|Any CPU = Release|Any CPU
	EndGlobalSection
	GlobalSection(ProjectConfigurationPlatforms) = postSolution
		{DEE50872-D787-46DE-B7C4-A593D9A165ED}.Debug|Any CPU.ActiveCfg = Debug|iPhoneSimulator
		{DEE50872-D787-46DE-B7C4-A593D9A165ED}.Debug|Any CPU.Build.0 = Debug|iPhoneSimulator
		{DEE50872-D787-46DE-B7C4-A593D9A165ED}.Debug|iPhone.ActiveCfg = Debug|iPhone
		{DEE50872-D787-46DE-B7C4-A593D9A165ED}.Debug|iPhone.Build.0 = Debug|iPhone
		{DEE50872-D787-46DE-B7C4-A593D9A165ED}.Debug|iPhoneSimulator.ActiveCfg = Debug|iPhoneSimulator
		{DEE50872-D787-46DE-B7C4-A593D9A165ED}.Debug|iPhoneSimulator.Build.0 = Debug|iPhoneSimulator
		{DEE50872-D787-46DE-B7C4-A593D9A165ED}.Release|Any CPU.ActiveCfg = Release|iPhone
		{DEE50872-D787-46DE-B7C4-A593D9A165ED}.Release|Any CPU.Build.0 = Release|iPhone
		{DEE50872-D787-46DE-B7C4-A593D9A165ED}.Release|iPhone.ActiveCfg = Release|iPhone
		{DEE50872-D787-46DE-B7C4-A593D9A165ED}.Release|iPhone.Build.0 = Release|iPhone
		{DEE50872-D787-46DE-B7C4-A593D9A165ED}.Release|iPhoneSimulator.ActiveCfg = Release|iPhoneSimulator
		{DEE50872-D787-46DE-B7C4-A593D9A165ED}.Release|iPhoneSimulator.Build.0 = Release|iPhoneSimulator
	EndGlobalSection
EndGlobal
